// !$*UTF8*$!
{
	archiveVersion = 1;
	classes = {
	};
	objectVersion = 56;
	objects = {

/* Begin PBXBuildFile section */
		A0242AC72BD5CC11004D1D57 /* UserDefaultLineWidth.swift in Sources */ = {isa = PBXBuildFile; fileRef = A0242AC62BD5CC11004D1D57 /* UserDefaultLineWidth.swift */; };
		A0242AC92BD5F167004D1D57 /* UserDefaultSmoothingFactor.swift in Sources */ = {isa = PBXBuildFile; fileRef = A0242AC82BD5F167004D1D57 /* UserDefaultSmoothingFactor.swift */; };
		A0242ACC2BD5FB50004D1D57 /* Timer.swift in Sources */ = {isa = PBXBuildFile; fileRef = A0242ACB2BD5FB50004D1D57 /* Timer.swift */; };
		A06079DC2BC039860070F8AB /* DrawingView.swift in Sources */ = {isa = PBXBuildFile; fileRef = A06079DB2BC039860070F8AB /* DrawingView.swift */; };
		A06079DE2BC03A110070F8AB /* Line.swift in Sources */ = {isa = PBXBuildFile; fileRef = A06079DD2BC03A110070F8AB /* Line.swift */; };
		A06079E02BC03A920070F8AB /* DrawingEngine.swift in Sources */ = {isa = PBXBuildFile; fileRef = A06079DF2BC03A920070F8AB /* DrawingEngine.swift */; };
		A06079E22BC03B290070F8AB /* DrawingShape.swift in Sources */ = {isa = PBXBuildFile; fileRef = A06079E12BC03B290070F8AB /* DrawingShape.swift */; };
		A06079E42BC03D2A0070F8AB /* UserDefaultColor.swift in Sources */ = {isa = PBXBuildFile; fileRef = A06079E32BC03D2A0070F8AB /* UserDefaultColor.swift */; };
		A06079E62BC03D8A0070F8AB /* DrawingDocument.swift in Sources */ = {isa = PBXBuildFile; fileRef = A06079E52BC03D8A0070F8AB /* DrawingDocument.swift */; };
		A09029402BB0DBAC00013269 /* GeoMatrixApp.swift in Sources */ = {isa = PBXBuildFile; fileRef = A090293F2BB0DBAC00013269 /* GeoMatrixApp.swift */; };
		A09029442BB0DBAE00013269 /* Assets.xcassets in Resources */ = {isa = PBXBuildFile; fileRef = A09029432BB0DBAE00013269 /* Assets.xcassets */; };
		A09029472BB0DBAE00013269 /* Preview Assets.xcassets in Resources */ = {isa = PBXBuildFile; fileRef = A09029462BB0DBAE00013269 /* Preview Assets.xcassets */; };
/* End PBXBuildFile section */

/* Begin PBXFileReference section */
		A0242AC62BD5CC11004D1D57 /* UserDefaultLineWidth.swift */ = {isa = PBXFileReference; lastKnownFileType = sourcecode.swift; path = UserDefaultLineWidth.swift; sourceTree = "<group>"; };
		A0242AC82BD5F167004D1D57 /* UserDefaultSmoothingFactor.swift */ = {isa = PBXFileReference; lastKnownFileType = sourcecode.swift; path = UserDefaultSmoothingFactor.swift; sourceTree = "<group>"; };
		A0242ACB2BD5FB50004D1D57 /* Timer.swift */ = {isa = PBXFileReference; lastKnownFileType = sourcecode.swift; path = Timer.swift; sourceTree = "<group>"; };
		A06079DB2BC039860070F8AB /* DrawingView.swift */ = {isa = PBXFileReference; lastKnownFileType = sourcecode.swift; path = DrawingView.swift; sourceTree = "<group>"; };
		A06079DD2BC03A110070F8AB /* Line.swift */ = {isa = PBXFileReference; lastKnownFileType = sourcecode.swift; path = Line.swift; sourceTree = "<group>"; };
		A06079DF2BC03A920070F8AB /* DrawingEngine.swift */ = {isa = PBXFileReference; lastKnownFileType = sourcecode.swift; path = DrawingEngine.swift; sourceTree = "<group>"; };
		A06079E12BC03B290070F8AB /* DrawingShape.swift */ = {isa = PBXFileReference; lastKnownFileType = sourcecode.swift; path = DrawingShape.swift; sourceTree = "<group>"; };
		A06079E32BC03D2A0070F8AB /* UserDefaultColor.swift */ = {isa = PBXFileReference; lastKnownFileType = sourcecode.swift; path = UserDefaultColor.swift; sourceTree = "<group>"; };
		A06079E52BC03D8A0070F8AB /* DrawingDocument.swift */ = {isa = PBXFileReference; lastKnownFileType = sourcecode.swift; path = DrawingDocument.swift; sourceTree = "<group>"; };
		A090293C2BB0DBAC00013269 /* GeoMatrix.app */ = {isa = PBXFileReference; explicitFileType = wrapper.application; includeInIndex = 0; path = GeoMatrix.app; sourceTree = BUILT_PRODUCTS_DIR; };
		A090293F2BB0DBAC00013269 /* GeoMatrixApp.swift */ = {isa = PBXFileReference; lastKnownFileType = sourcecode.swift; path = GeoMatrixApp.swift; sourceTree = "<group>"; };
		A09029432BB0DBAE00013269 /* Assets.xcassets */ = {isa = PBXFileReference; lastKnownFileType = folder.assetcatalog; path = Assets.xcassets; sourceTree = "<group>"; };
		A09029462BB0DBAE00013269 /* Preview Assets.xcassets */ = {isa = PBXFileReference; lastKnownFileType = folder.assetcatalog; path = "Preview Assets.xcassets"; sourceTree = "<group>"; };
/* End PBXFileReference section */

/* Begin PBXFrameworksBuildPhase section */
		A09029392BB0DBAC00013269 /* Frameworks */ = {
			isa = PBXFrameworksBuildPhase;
			buildActionMask = 2147483647;
			files = (
			);
			runOnlyForDeploymentPostprocessing = 0;
		};
/* End PBXFrameworksBuildPhase section */

/* Begin PBXGroup section */
		A0242AC02BD5CA8A004D1D57 /* Repositories */ = {
			isa = PBXGroup;
			children = (
				A06079E52BC03D8A0070F8AB /* DrawingDocument.swift */,
				A0242AC12BD5CA98004D1D57 /* UserDefaults */,
			);
			path = Repositories;
			sourceTree = "<group>";
		};
		A0242AC12BD5CA98004D1D57 /* UserDefaults */ = {
			isa = PBXGroup;
			children = (
				A06079E32BC03D2A0070F8AB /* UserDefaultColor.swift */,
				A0242AC62BD5CC11004D1D57 /* UserDefaultLineWidth.swift */,
				A0242AC82BD5F167004D1D57 /* UserDefaultSmoothingFactor.swift */,
			);
			path = UserDefaults;
			sourceTree = "<group>";
		};
		A0242AC22BD5CAD4004D1D57 /* Views */ = {
			isa = PBXGroup;
			children = (
				A06079DB2BC039860070F8AB /* DrawingView.swift */,
			);
			path = Views;
			sourceTree = "<group>";
		};
		A0242AC32BD5CB05004D1D57 /* Features */ = {
			isa = PBXGroup;
			children = (
				A0242AC42BD5CB15004D1D57 /* Drawing */,
			);
			path = Features;
			sourceTree = "<group>";
		};
		A0242AC42BD5CB15004D1D57 /* Drawing */ = {
			isa = PBXGroup;
			children = (
				A06079DF2BC03A920070F8AB /* DrawingEngine.swift */,
				A06079E12BC03B290070F8AB /* DrawingShape.swift */,
				A06079DD2BC03A110070F8AB /* Line.swift */,
			);
			path = Drawing;
			sourceTree = "<group>";
		};
		A0242ACA2BD5FB44004D1D57 /* Utilities */ = {
			isa = PBXGroup;
			children = (
				A0242ACB2BD5FB50004D1D57 /* Timer.swift */,
			);
			path = Utilities;
			sourceTree = "<group>";
		};
		A09029332BB0DBAC00013269 = {
			isa = PBXGroup;
			children = (
				A090293E2BB0DBAC00013269 /* GeoMatrix */,
				A090293D2BB0DBAC00013269 /* Products */,
			);
			sourceTree = "<group>";
		};
		A090293D2BB0DBAC00013269 /* Products */ = {
			isa = PBXGroup;
			children = (
				A090293C2BB0DBAC00013269 /* GeoMatrix.app */,
			);
			name = Products;
			sourceTree = "<group>";
		};
		A090293E2BB0DBAC00013269 /* GeoMatrix */ = {
			isa = PBXGroup;
			children = (
				A0242ACA2BD5FB44004D1D57 /* Utilities */,
				A090293F2BB0DBAC00013269 /* GeoMatrixApp.swift */,
				A09029432BB0DBAE00013269 /* Assets.xcassets */,
				A0242AC32BD5CB05004D1D57 /* Features */,
				A09029452BB0DBAE00013269 /* Preview Content */,
				A0242AC02BD5CA8A004D1D57 /* Repositories */,
				A0242AC22BD5CAD4004D1D57 /* Views */,
			);
			path = GeoMatrix;
			sourceTree = "<group>";
		};
		A09029452BB0DBAE00013269 /* Preview Content */ = {
			isa = PBXGroup;
			children = (
				A09029462BB0DBAE00013269 /* Preview Assets.xcassets */,
			);
			path = "Preview Content";
			sourceTree = "<group>";
		};
/* End PBXGroup section */

/* Begin PBXNativeTarget section */
		A090293B2BB0DBAC00013269 /* GeoMatrix */ = {
			isa = PBXNativeTarget;
			buildConfigurationList = A090294A2BB0DBAE00013269 /* Build configuration list for PBXNativeTarget "GeoMatrix" */;
			buildPhases = (
				A09029382BB0DBAC00013269 /* Sources */,
				A09029392BB0DBAC00013269 /* Frameworks */,
				A090293A2BB0DBAC00013269 /* Resources */,
			);
			buildRules = (
			);
			dependencies = (
			);
			name = GeoMatrix;
			productName = GeoMatrix;
			productReference = A090293C2BB0DBAC00013269 /* GeoMatrix.app */;
			productType = "com.apple.product-type.application";
		};
/* End PBXNativeTarget section */

/* Begin PBXProject section */
		A09029342BB0DBAC00013269 /* Project object */ = {
			isa = PBXProject;
			attributes = {
				BuildIndependentTargetsInParallel = 1;
				LastSwiftUpdateCheck = 1520;
				LastUpgradeCheck = 1520;
				TargetAttributes = {
					A090293B2BB0DBAC00013269 = {
						CreatedOnToolsVersion = 15.2;
					};
				};
			};
			buildConfigurationList = A09029372BB0DBAC00013269 /* Build configuration list for PBXProject "GeoMatrix" */;
			compatibilityVersion = "Xcode 14.0";
			developmentRegion = en;
			hasScannedForEncodings = 0;
			knownRegions = (
				en,
				Base,
			);
			mainGroup = A09029332BB0DBAC00013269;
			productRefGroup = A090293D2BB0DBAC00013269 /* Products */;
			projectDirPath = "";
			projectRoot = "";
			targets = (
				A090293B2BB0DBAC00013269 /* GeoMatrix */,
			);
		};
/* End PBXProject section */

/* Begin PBXResourcesBuildPhase section */
		A090293A2BB0DBAC00013269 /* Resources */ = {
			isa = PBXResourcesBuildPhase;
			buildActionMask = 2147483647;
			files = (
				A09029472BB0DBAE00013269 /* Preview Assets.xcassets in Resources */,
				A09029442BB0DBAE00013269 /* Assets.xcassets in Resources */,
			);
			runOnlyForDeploymentPostprocessing = 0;
		};
/* End PBXResourcesBuildPhase section */

/* Begin PBXSourcesBuildPhase section */
		A09029382BB0DBAC00013269 /* Sources */ = {
			isa = PBXSourcesBuildPhase;
			buildActionMask = 2147483647;
			files = (
				A06079E02BC03A920070F8AB /* DrawingEngine.swift in Sources */,
				A0242AC72BD5CC11004D1D57 /* UserDefaultLineWidth.swift in Sources */,
				A06079DE2BC03A110070F8AB /* Line.swift in Sources */,
				A0242ACC2BD5FB50004D1D57 /* Timer.swift in Sources */,
				A06079E42BC03D2A0070F8AB /* UserDefaultColor.swift in Sources */,
				A06079E62BC03D8A0070F8AB /* DrawingDocument.swift in Sources */,
				A06079E22BC03B290070F8AB /* DrawingShape.swift in Sources */,
				A06079DC2BC039860070F8AB /* DrawingView.swift in Sources */,
				A09029402BB0DBAC00013269 /* GeoMatrixApp.swift in Sources */,
				A0242AC92BD5F167004D1D57 /* UserDefaultSmoothingFactor.swift in Sources */,
			);
			runOnlyForDeploymentPostprocessing = 0;
		};
/* End PBXSourcesBuildPhase section */

/* Begin XCBuildConfiguration section */
		A09029482BB0DBAE00013269 /* Debug */ = {
			isa = XCBuildConfiguration;
			buildSettings = {
				ALWAYS_SEARCH_USER_PATHS = NO;
				ASSETCATALOG_COMPILER_GENERATE_SWIFT_ASSET_SYMBOL_EXTENSIONS = YES;
				CLANG_ANALYZER_NONNULL = YES;
				CLANG_ANALYZER_NUMBER_OBJECT_CONVERSION = YES_AGGRESSIVE;
				CLANG_CXX_LANGUAGE_STANDARD = "gnu++20";
				CLANG_ENABLE_MODULES = YES;
				CLANG_ENABLE_OBJC_ARC = YES;
				CLANG_ENABLE_OBJC_WEAK = YES;
				CLANG_WARN_BLOCK_CAPTURE_AUTORELEASING = YES;
				CLANG_WARN_BOOL_CONVERSION = YES;
				CLANG_WARN_COMMA = YES;
				CLANG_WARN_CONSTANT_CONVERSION = YES;
				CLANG_WARN_DEPRECATED_OBJC_IMPLEMENTATIONS = YES;
				CLANG_WARN_DIRECT_OBJC_ISA_USAGE = YES_ERROR;
				CLANG_WARN_DOCUMENTATION_COMMENTS = YES;
				CLANG_WARN_EMPTY_BODY = YES;
				CLANG_WARN_ENUM_CONVERSION = YES;
				CLANG_WARN_INFINITE_RECURSION = YES;
				CLANG_WARN_INT_CONVERSION = YES;
				CLANG_WARN_NON_LITERAL_NULL_CONVERSION = YES;
				CLANG_WARN_OBJC_IMPLICIT_RETAIN_SELF = YES;
				CLANG_WARN_OBJC_LITERAL_CONVERSION = YES;
				CLANG_WARN_OBJC_ROOT_CLASS = YES_ERROR;
				CLANG_WARN_QUOTED_INCLUDE_IN_FRAMEWORK_HEADER = YES;
				CLANG_WARN_RANGE_LOOP_ANALYSIS = YES;
				CLANG_WARN_STRICT_PROTOTYPES = YES;
				CLANG_WARN_SUSPICIOUS_MOVE = YES;
				CLANG_WARN_UNGUARDED_AVAILABILITY = YES_AGGRESSIVE;
				CLANG_WARN_UNREACHABLE_CODE = YES;
				CLANG_WARN__DUPLICATE_METHOD_MATCH = YES;
				COPY_PHASE_STRIP = NO;
				DEBUG_INFORMATION_FORMAT = dwarf;
				ENABLE_STRICT_OBJC_MSGSEND = YES;
				ENABLE_TESTABILITY = YES;
				ENABLE_USER_SCRIPT_SANDBOXING = YES;
				GCC_C_LANGUAGE_STANDARD = gnu17;
				GCC_DYNAMIC_NO_PIC = NO;
				GCC_NO_COMMON_BLOCKS = YES;
				GCC_OPTIMIZATION_LEVEL = 0;
				GCC_PREPROCESSOR_DEFINITIONS = (
					"DEBUG=1",
					"$(inherited)",
				);
				GCC_WARN_64_TO_32_BIT_CONVERSION = YES;
				GCC_WARN_ABOUT_RETURN_TYPE = YES_ERROR;
				GCC_WARN_UNDECLARED_SELECTOR = YES;
				GCC_WARN_UNINITIALIZED_AUTOS = YES_AGGRESSIVE;
				GCC_WARN_UNUSED_FUNCTION = YES;
				GCC_WARN_UNUSED_VARIABLE = YES;
				IPHONEOS_DEPLOYMENT_TARGET = 17.2;
				LOCALIZATION_PREFERS_STRING_CATALOGS = YES;
				MTL_ENABLE_DEBUG_INFO = INCLUDE_SOURCE;
				MTL_FAST_MATH = YES;
				ONLY_ACTIVE_ARCH = YES;
				SDKROOT = iphoneos;
				SWIFT_ACTIVE_COMPILATION_CONDITIONS = "DEBUG $(inherited)";
				SWIFT_OPTIMIZATION_LEVEL = "-Onone";
			};
			name = Debug;
		};
		A09029492BB0DBAE00013269 /* Release */ = {
			isa = XCBuildConfiguration;
			buildSettings = {
				ALWAYS_SEARCH_USER_PATHS = NO;
				ASSETCATALOG_COMPILER_GENERATE_SWIFT_ASSET_SYMBOL_EXTENSIONS = YES;
				CLANG_ANALYZER_NONNULL = YES;
				CLANG_ANALYZER_NUMBER_OBJECT_CONVERSION = YES_AGGRESSIVE;
				CLANG_CXX_LANGUAGE_STANDARD = "gnu++20";
				CLANG_ENABLE_MODULES = YES;
				CLANG_ENABLE_OBJC_ARC = YES;
				CLANG_ENABLE_OBJC_WEAK = YES;
				CLANG_WARN_BLOCK_CAPTURE_AUTORELEASING = YES;
				CLANG_WARN_BOOL_CONVERSION = YES;
				CLANG_WARN_COMMA = YES;
				CLANG_WARN_CONSTANT_CONVERSION = YES;
				CLANG_WARN_DEPRECATED_OBJC_IMPLEMENTATIONS = YES;
				CLANG_WARN_DIRECT_OBJC_ISA_USAGE = YES_ERROR;
				CLANG_WARN_DOCUMENTATION_COMMENTS = YES;
				CLANG_WARN_EMPTY_BODY = YES;
				CLANG_WARN_ENUM_CONVERSION = YES;
				CLANG_WARN_INFINITE_RECURSION = YES;
				CLANG_WARN_INT_CONVERSION = YES;
				CLANG_WARN_NON_LITERAL_NULL_CONVERSION = YES;
				CLANG_WARN_OBJC_IMPLICIT_RETAIN_SELF = YES;
				CLANG_WARN_OBJC_LITERAL_CONVERSION = YES;
				CLANG_WARN_OBJC_ROOT_CLASS = YES_ERROR;
				CLANG_WARN_QUOTED_INCLUDE_IN_FRAMEWORK_HEADER = YES;
				CLANG_WARN_RANGE_LOOP_ANALYSIS = YES;
				CLANG_WARN_STRICT_PROTOTYPES = YES;
				CLANG_WARN_SUSPICIOUS_MOVE = YES;
				CLANG_WARN_UNGUARDED_AVAILABILITY = YES_AGGRESSIVE;
				CLANG_WARN_UNREACHABLE_CODE = YES;
				CLANG_WARN__DUPLICATE_METHOD_MATCH = YES;
				COPY_PHASE_STRIP = NO;
				DEBUG_INFORMATION_FORMAT = "dwarf-with-dsym";
				ENABLE_NS_ASSERTIONS = NO;
				ENABLE_STRICT_OBJC_MSGSEND = YES;
				ENABLE_USER_SCRIPT_SANDBOXING = YES;
				GCC_C_LANGUAGE_STANDARD = gnu17;
				GCC_NO_COMMON_BLOCKS = YES;
				GCC_WARN_64_TO_32_BIT_CONVERSION = YES;
				GCC_WARN_ABOUT_RETURN_TYPE = YES_ERROR;
				GCC_WARN_UNDECLARED_SELECTOR = YES;
				GCC_WARN_UNINITIALIZED_AUTOS = YES_AGGRESSIVE;
				GCC_WARN_UNUSED_FUNCTION = YES;
				GCC_WARN_UNUSED_VARIABLE = YES;
				IPHONEOS_DEPLOYMENT_TARGET = 17.2;
				LOCALIZATION_PREFERS_STRING_CATALOGS = YES;
				MTL_ENABLE_DEBUG_INFO = NO;
				MTL_FAST_MATH = YES;
				SDKROOT = iphoneos;
				SWIFT_COMPILATION_MODE = wholemodule;
				VALIDATE_PRODUCT = YES;
			};
			name = Release;
		};
		A090294B2BB0DBAE00013269 /* Debug */ = {
			isa = XCBuildConfiguration;
			buildSettings = {
				ASSETCATALOG_COMPILER_APPICON_NAME = AppIcon;
				ASSETCATALOG_COMPILER_GLOBAL_ACCENT_COLOR_NAME = AccentColor;
				CODE_SIGN_STYLE = Automatic;
				CURRENT_PROJECT_VERSION = 1;
				DEVELOPMENT_ASSET_PATHS = "\"GeoMatrix/Preview Content\"";
				DEVELOPMENT_TEAM = 8DWD98ZYVS;
				ENABLE_PREVIEWS = YES;
				GENERATE_INFOPLIST_FILE = YES;
				INFOPLIST_KEY_UIApplicationSceneManifest_Generation = YES;
				INFOPLIST_KEY_UIApplicationSupportsIndirectInputEvents = YES;
				INFOPLIST_KEY_UILaunchScreen_Generation = YES;
				INFOPLIST_KEY_UISupportedInterfaceOrientations_iPad = "UIInterfaceOrientationPortrait UIInterfaceOrientationPortraitUpsideDown UIInterfaceOrientationLandscapeLeft UIInterfaceOrientationLandscapeRight";
				INFOPLIST_KEY_UISupportedInterfaceOrientations_iPhone = "UIInterfaceOrientationPortrait UIInterfaceOrientationLandscapeLeft UIInterfaceOrientationLandscapeRight";
				LD_RUNPATH_SEARCH_PATHS = (
					"$(inherited)",
					"@executable_path/Frameworks",
				);
				MARKETING_VERSION = 1.0;
				PRODUCT_BUNDLE_IDENTIFIER = com.karacayir.GeoMatrix;
				PRODUCT_NAME = "$(TARGET_NAME)";
				SWIFT_EMIT_LOC_STRINGS = YES;
				SWIFT_VERSION = 5.0;
				TARGETED_DEVICE_FAMILY = "1,2";
			};
			name = Debug;
		};
		A090294C2BB0DBAE00013269 /* Release */ = {
			isa = XCBuildConfiguration;
			buildSettings = {
				ASSETCATALOG_COMPILER_APPICON_NAME = AppIcon;
				ASSETCATALOG_COMPILER_GLOBAL_ACCENT_COLOR_NAME = AccentColor;
				CODE_SIGN_STYLE = Automatic;
				CURRENT_PROJECT_VERSION = 1;
				DEVELOPMENT_ASSET_PATHS = "\"GeoMatrix/Preview Content\"";
				DEVELOPMENT_TEAM = 8DWD98ZYVS;
				ENABLE_PREVIEWS = YES;
				GENERATE_INFOPLIST_FILE = YES;
				INFOPLIST_KEY_UIApplicationSceneManifest_Generation = YES;
				INFOPLIST_KEY_UIApplicationSupportsIndirectInputEvents = YES;
				INFOPLIST_KEY_UILaunchScreen_Generation = YES;
				INFOPLIST_KEY_UISupportedInterfaceOrientations_iPad = "UIInterfaceOrientationPortrait UIInterfaceOrientationPortraitUpsideDown UIInterfaceOrientationLandscapeLeft UIInterfaceOrientationLandscapeRight";
				INFOPLIST_KEY_UISupportedInterfaceOrientations_iPhone = "UIInterfaceOrientationPortrait UIInterfaceOrientationLandscapeLeft UIInterfaceOrientationLandscapeRight";
				LD_RUNPATH_SEARCH_PATHS = (
					"$(inherited)",
					"@executable_path/Frameworks",
				);
				MARKETING_VERSION = 1.0;
				PRODUCT_BUNDLE_IDENTIFIER = com.karacayir.GeoMatrix;
				PRODUCT_NAME = "$(TARGET_NAME)";
				SWIFT_EMIT_LOC_STRINGS = YES;
				SWIFT_VERSION = 5.0;
				TARGETED_DEVICE_FAMILY = "1,2";
			};
			name = Release;
		};
/* End XCBuildConfiguration section */

/* Begin XCConfigurationList section */
		A09029372BB0DBAC00013269 /* Build configuration list for PBXProject "GeoMatrix" */ = {
			isa = XCConfigurationList;
			buildConfigurations = (
				A09029482BB0DBAE00013269 /* Debug */,
				A09029492BB0DBAE00013269 /* Release */,
			);
			defaultConfigurationIsVisible = 0;
			defaultConfigurationName = Release;
		};
		A090294A2BB0DBAE00013269 /* Build configuration list for PBXNativeTarget "GeoMatrix" */ = {
			isa = XCConfigurationList;
			buildConfigurations = (
				A090294B2BB0DBAE00013269 /* Debug */,
				A090294C2BB0DBAE00013269 /* Release */,
			);
			defaultConfigurationIsVisible = 0;
			defaultConfigurationName = Release;
		};
/* End XCConfigurationList section */
	};
	rootObject = A09029342BB0DBAC00013269 /* Project object */;
}
